
Microsoft Visual Studio Solution File, Format Version 12.00
# Visual Studio Version 17
VisualStudioVersion = 17.14.36127.28
MinimumVisualStudioVersion = 10.0.40219.1
Project("{FAE04EC0-301F-11D3-BF4B-00C04F79EFBC}") = "Server", "Server\Server.csproj", "{8B6680F2-0DBB-4A86-BBC9-5C824D1EDFF3}"
EndProject
Project("{FAE04EC0-301F-11D3-BF4B-00C04F79EFBC}") = "Client", "Client\Client.csproj", "{0414FB99-C185-492E-985B-88C0BC56664B}"
EndProject
Global
	GlobalSection(SolutionConfigurationPlatforms) = preSolution
		Debug|Any CPU = Debug|Any CPU
		Release|Any CPU = Release|Any CPU
	EndGlobalSection
	GlobalSection(ProjectConfigurationPlatforms) = postSolution
		{8B6680F2-0DBB-4A86-BBC9-5C824D1EDFF3}.Debug|Any CPU.ActiveCfg = Debug|Any CPU
		{8B6680F2-0DBB-4A86-BBC9-5C824D1EDFF3}.Debug|Any CPU.Build.0 = Debug|Any CPU
		{8B6680F2-0DBB-4A86-BBC9-5C824D1EDFF3}.Release|Any CPU.ActiveCfg = Release|Any CPU
		{8B6680F2-0DBB-4A86-BBC9-5C824D1EDFF3}.Release|Any CPU.Build.0 = Release|Any CPU
		{0414FB99-C185-492E-985B-88C0BC56664B}.Debug|Any CPU.ActiveCfg = Debug|Any CPU
		{0414FB99-C185-492E-985B-88C0BC56664B}.Debug|Any CPU.Build.0 = Debug|Any CPU
		{0414FB99-C185-492E-985B-88C0BC56664B}.Release|Any CPU.ActiveCfg = Release|Any CPU
		{0414FB99-C185-492E-985B-88C0BC56664B}.Release|Any CPU.Build.0 = Release|Any CPU
	EndGlobalSection
	GlobalSection(SolutionProperties) = preSolution
		HideSolutionNode = FALSE
	EndGlobalSection
	GlobalSection(ExtensibilityGlobals) = postSolution
		SolutionGuid = {0F5535A0-33FA-4A3C-90E3-076EA3910631}
	EndGlobalSection
EndGlobal
